// !$*UTF8*$!
{
	archiveVersion = 1;
	classes = {
	};
	objectVersion = 50;
	objects = {

/* Begin PBXBuildFile section */
		43D473BB2507B53700CCB3CE /* AppDelegate.swift in Sources */ = {isa = PBXBuildFile; fileRef = 43D473BA2507B53700CCB3CE /* AppDelegate.swift */; };
		43D473BD2507B53700CCB3CE /* SceneDelegate.swift in Sources */ = {isa = PBXBuildFile; fileRef = 43D473BC2507B53700CCB3CE /* SceneDelegate.swift */; };
		43D473BF2507B53700CCB3CE /* ViewController.swift in Sources */ = {isa = PBXBuildFile; fileRef = 43D473BE2507B53700CCB3CE /* ViewController.swift */; };
		43D473C22507B53700CCB3CE /* Main.storyboard in Resources */ = {isa = PBXBuildFile; fileRef = 43D473C02507B53700CCB3CE /* Main.storyboard */; };
		43D473C42507B53C00CCB3CE /* Assets.xcassets in Resources */ = {isa = PBXBuildFile; fileRef = 43D473C32507B53C00CCB3CE /* Assets.xcassets */; };
		43D473C72507B53C00CCB3CE /* LaunchScreen.storyboard in Resources */ = {isa = PBXBuildFile; fileRef = 43D473C52507B53C00CCB3CE /* LaunchScreen.storyboard */; };
		43D473D22507B53C00CCB3CE /* calculatorTests.swift in Sources */ = {isa = PBXBuildFile; fileRef = 43D473D12507B53C00CCB3CE /* calculatorTests.swift */; };
		43D473DD2507B53C00CCB3CE /* calculatorUITests.swift in Sources */ = {isa = PBXBuildFile; fileRef = 43D473DC2507B53C00CCB3CE /* calculatorUITests.swift */; };
/* End PBXBuildFile section */

/* Begin PBXContainerItemProxy section */
		43D473CE2507B53C00CCB3CE /* PBXContainerItemProxy */ = {
			isa = PBXContainerItemProxy;
			containerPortal = 43D473AF2507B53700CCB3CE /* Project object */;
			proxyType = 1;
			remoteGlobalIDString = 43D473B62507B53700CCB3CE;
			remoteInfo = calculator;
		};
		43D473D92507B53C00CCB3CE /* PBXContainerItemProxy */ = {
			isa = PBXContainerItemProxy;
			containerPortal = 43D473AF2507B53700CCB3CE /* Project object */;
			proxyType = 1;
			remoteGlobalIDString = 43D473B62507B53700CCB3CE;
			remoteInfo = calculator;
		};
/* End PBXContainerItemProxy section */

/* Begin PBXFileReference section */
		43D473B72507B53700CCB3CE /* calculator.app */ = {isa = PBXFileReference; explicitFileType = wrapper.application; includeInIndex = 0; path = calculator.app; sourceTree = BUILT_PRODUCTS_DIR; };
		43D473BA2507B53700CCB3CE /* AppDelegate.swift */ = {isa = PBXFileReference; lastKnownFileType = sourcecode.swift; path = AppDelegate.swift; sourceTree = "<group>"; };
		43D473BC2507B53700CCB3CE /* SceneDelegate.swift */ = {isa = PBXFileReference; lastKnownFileType = sourcecode.swift; path = SceneDelegate.swift; sourceTree = "<group>"; };
		43D473BE2507B53700CCB3CE /* ViewController.swift */ = {isa = PBXFileReference; lastKnownFileType = sourcecode.swift; path = ViewController.swift; sourceTree = "<group>"; };
		43D473C12507B53700CCB3CE /* Base */ = {isa = PBXFileReference; lastKnownFileType = file.storyboard; name = Base; path = Base.lproj/Main.storyboard; sourceTree = "<group>"; };
		43D473C32507B53C00CCB3CE /* Assets.xcassets */ = {isa = PBXFileReference; lastKnownFileType = folder.assetcatalog; path = Assets.xcassets; sourceTree = "<group>"; };
		43D473C62507B53C00CCB3CE /* Base */ = {isa = PBXFileReference; lastKnownFileType = file.storyboard; name = Base; path = Base.lproj/LaunchScreen.storyboard; sourceTree = "<group>"; };
		43D473C82507B53C00CCB3CE /* Info.plist */ = {isa = PBXFileReference; lastKnownFileType = text.plist.xml; path = Info.plist; sourceTree = "<group>"; };
		43D473CD2507B53C00CCB3CE /* calculatorTests.xctest */ = {isa = PBXFileReference; explicitFileType = wrapper.cfbundle; includeInIndex = 0; path = calculatorTests.xctest; sourceTree = BUILT_PRODUCTS_DIR; };
		43D473D12507B53C00CCB3CE /* calculatorTests.swift */ = {isa = PBXFileReference; lastKnownFileType = sourcecode.swift; path = calculatorTests.swift; sourceTree = "<group>"; };
		43D473D32507B53C00CCB3CE /* Info.plist */ = {isa = PBXFileReference; lastKnownFileType = text.plist.xml; path = Info.plist; sourceTree = "<group>"; };
		43D473D82507B53C00CCB3CE /* calculatorUITests.xctest */ = {isa = PBXFileReference; explicitFileType = wrapper.cfbundle; includeInIndex = 0; path = calculatorUITests.xctest; sourceTree = BUILT_PRODUCTS_DIR; };
		43D473DC2507B53C00CCB3CE /* calculatorUITests.swift */ = {isa = PBXFileReference; lastKnownFileType = sourcecode.swift; path = calculatorUITests.swift; sourceTree = "<group>"; };
		43D473DE2507B53C00CCB3CE /* Info.plist */ = {isa = PBXFileReference; lastKnownFileType = text.plist.xml; path = Info.plist; sourceTree = "<group>"; };
/* End PBXFileReference section */

/* Begin PBXFrameworksBuildPhase section */
		43D473B42507B53700CCB3CE /* Frameworks */ = {
			isa = PBXFrameworksBuildPhase;
			buildActionMask = 2147483647;
			files = (
			);
			runOnlyForDeploymentPostprocessing = 0;
		};
		43D473CA2507B53C00CCB3CE /* Frameworks */ = {
			isa = PBXFrameworksBuildPhase;
			buildActionMask = 2147483647;
			files = (
			);
			runOnlyForDeploymentPostprocessing = 0;
		};
		43D473D52507B53C00CCB3CE /* Frameworks */ = {
			isa = PBXFrameworksBuildPhase;
			buildActionMask = 2147483647;
			files = (
			);
			runOnlyForDeploymentPostprocessing = 0;
		};
/* End PBXFrameworksBuildPhase section */

/* Begin PBXGroup section */
		43D473AE2507B53700CCB3CE = {
			isa = PBXGroup;
			children = (
				43D473B92507B53700CCB3CE /* calculator */,
				43D473D02507B53C00CCB3CE /* calculatorTests */,
				43D473DB2507B53C00CCB3CE /* calculatorUITests */,
				43D473B82507B53700CCB3CE /* Products */,
			);
			sourceTree = "<group>";
		};
		43D473B82507B53700CCB3CE /* Products */ = {
			isa = PBXGroup;
			children = (
				43D473B72507B53700CCB3CE /* calculator.app */,
				43D473CD2507B53C00CCB3CE /* calculatorTests.xctest */,
				43D473D82507B53C00CCB3CE /* calculatorUITests.xctest */,
			);
			name = Products;
			sourceTree = "<group>";
		};
		43D473B92507B53700CCB3CE /* calculator */ = {
			isa = PBXGroup;
			children = (
				43D473BA2507B53700CCB3CE /* AppDelegate.swift */,
				43D473BC2507B53700CCB3CE /* SceneDelegate.swift */,
				43D473BE2507B53700CCB3CE /* ViewController.swift */,
				43D473C02507B53700CCB3CE /* Main.storyboard */,
				43D473C32507B53C00CCB3CE /* Assets.xcassets */,
				43D473C52507B53C00CCB3CE /* LaunchScreen.storyboard */,
				43D473C82507B53C00CCB3CE /* Info.plist */,
			);
			path = calculator;
			sourceTree = "<group>";
		};
		43D473D02507B53C00CCB3CE /* calculatorTests */ = {
			isa = PBXGroup;
			children = (
				43D473D12507B53C00CCB3CE /* calculatorTests.swift */,
				43D473D32507B53C00CCB3CE /* Info.plist */,
			);
			path = calculatorTests;
			sourceTree = "<group>";
		};
		43D473DB2507B53C00CCB3CE /* calculatorUITests */ = {
			isa = PBXGroup;
			children = (
				43D473DC2507B53C00CCB3CE /* calculatorUITests.swift */,
				43D473DE2507B53C00CCB3CE /* Info.plist */,
			);
			path = calculatorUITests;
			sourceTree = "<group>";
		};
/* End PBXGroup section */

/* Begin PBXNativeTarget section */
		43D473B62507B53700CCB3CE /* calculator */ = {
			isa = PBXNativeTarget;
			buildConfigurationList = 43D473E12507B53C00CCB3CE /* Build configuration list for PBXNativeTarget "calculator" */;
			buildPhases = (
				43D473B32507B53700CCB3CE /* Sources */,
				43D473B42507B53700CCB3CE /* Frameworks */,
				43D473B52507B53700CCB3CE /* Resources */,
			);
			buildRules = (
			);
			dependencies = (
			);
			name = calculator;
			productName = calculator;
			productReference = 43D473B72507B53700CCB3CE /* calculator.app */;
			productType = "com.apple.product-type.application";
		};
		43D473CC2507B53C00CCB3CE /* calculatorTests */ = {
			isa = PBXNativeTarget;
			buildConfigurationList = 43D473E42507B53C00CCB3CE /* Build configuration list for PBXNativeTarget "calculatorTests" */;
			buildPhases = (
				43D473C92507B53C00CCB3CE /* Sources */,
				43D473CA2507B53C00CCB3CE /* Frameworks */,
				43D473CB2507B53C00CCB3CE /* Resources */,
			);
			buildRules = (
			);
			dependencies = (
				43D473CF2507B53C00CCB3CE /* PBXTargetDependency */,
			);
			name = calculatorTests;
			productName = calculatorTests;
			productReference = 43D473CD2507B53C00CCB3CE /* calculatorTests.xctest */;
			productType = "com.apple.product-type.bundle.unit-test";
		};
		43D473D72507B53C00CCB3CE /* calculatorUITests */ = {
			isa = PBXNativeTarget;
			buildConfigurationList = 43D473E72507B53C00CCB3CE /* Build configuration list for PBXNativeTarget "calculatorUITests" */;
			buildPhases = (
				43D473D42507B53C00CCB3CE /* Sources */,
				43D473D52507B53C00CCB3CE /* Frameworks */,
				43D473D62507B53C00CCB3CE /* Resources */,
			);
			buildRules = (
			);
			dependencies = (
				43D473DA2507B53C00CCB3CE /* PBXTargetDependency */,
			);
			name = calculatorUITests;
			productName = calculatorUITests;
			productReference = 43D473D82507B53C00CCB3CE /* calculatorUITests.xctest */;
			productType = "com.apple.product-type.bundle.ui-testing";
		};
/* End PBXNativeTarget section */

/* Begin PBXProject section */
		43D473AF2507B53700CCB3CE /* Project object */ = {
			isa = PBXProject;
			attributes = {
				LastSwiftUpdateCheck = 1110;
				LastUpgradeCheck = 1110;
				ORGANIZATIONNAME = Benjamin;
				TargetAttributes = {
					43D473B62507B53700CCB3CE = {
						CreatedOnToolsVersion = 11.1;
					};
					43D473CC2507B53C00CCB3CE = {
						CreatedOnToolsVersion = 11.1;
						TestTargetID = 43D473B62507B53700CCB3CE;
					};
					43D473D72507B53C00CCB3CE = {
						CreatedOnToolsVersion = 11.1;
						TestTargetID = 43D473B62507B53700CCB3CE;
					};
				};
			};
			buildConfigurationList = 43D473B22507B53700CCB3CE /* Build configuration list for PBXProject "calculator" */;
			compatibilityVersion = "Xcode 9.3";
			developmentRegion = en;
			hasScannedForEncodings = 0;
			knownRegions = (
				en,
				Base,
			);
			mainGroup = 43D473AE2507B53700CCB3CE;
			productRefGroup = 43D473B82507B53700CCB3CE /* Products */;
			projectDirPath = "";
			projectRoot = "";
			targets = (
				43D473B62507B53700CCB3CE /* calculator */,
				43D473CC2507B53C00CCB3CE /* calculatorTests */,
				43D473D72507B53C00CCB3CE /* calculatorUITests */,
			);
		};
/* End PBXProject section */

/* Begin PBXResourcesBuildPhase section */
		43D473B52507B53700CCB3CE /* Resources */ = {
			isa = PBXResourcesBuildPhase;
			buildActionMask = 2147483647;
			files = (
				43D473C72507B53C00CCB3CE /* LaunchScreen.storyboard in Resources */,
				43D473C42507B53C00CCB3CE /* Assets.xcassets in Resources */,
				43D473C22507B53700CCB3CE /* Main.storyboard in Resources */,
			);
			runOnlyForDeploymentPostprocessing = 0;
		};
		43D473CB2507B53C00CCB3CE /* Resources */ = {
			isa = PBXResourcesBuildPhase;
			buildActionMask = 2147483647;
			files = (
			);
			runOnlyForDeploymentPostprocessing = 0;
		};
		43D473D62507B53C00CCB3CE /* Resources */ = {
			isa = PBXResourcesBuildPhase;
			buildActionMask = 2147483647;
			files = (
			);
			runOnlyForDeploymentPostprocessing = 0;
		};
/* End PBXResourcesBuildPhase section */

/* Begin PBXSourcesBuildPhase section */
		43D473B32507B53700CCB3CE /* Sources */ = {
			isa = PBXSourcesBuildPhase;
			buildActionMask = 2147483647;
			files = (
				43D473BF2507B53700CCB3CE /* ViewController.swift in Sources */,
				43D473BB2507B53700CCB3CE /* AppDelegate.swift in Sources */,
				43D473BD2507B53700CCB3CE /* SceneDelegate.swift in Sources */,
			);
			runOnlyForDeploymentPostprocessing = 0;
		};
		43D473C92507B53C00CCB3CE /* Sources */ = {
			isa = PBXSourcesBuildPhase;
			buildActionMask = 2147483647;
			files = (
				43D473D22507B53C00CCB3CE /* calculatorTests.swift in Sources */,
			);
			runOnlyForDeploymentPostprocessing = 0;
		};
		43D473D42507B53C00CCB3CE /* Sources */ = {
			isa = PBXSourcesBuildPhase;
			buildActionMask = 2147483647;
			files = (
				43D473DD2507B53C00CCB3CE /* calculatorUITests.swift in Sources */,
			);
			runOnlyForDeploymentPostprocessing = 0;
		};
/* End PBXSourcesBuildPhase section */

/* Begin PBXTargetDependency section */
		43D473CF2507B53C00CCB3CE /* PBXTargetDependency */ = {
			isa = PBXTargetDependency;
			target = 43D473B62507B53700CCB3CE /* calculator */;
			targetProxy = 43D473CE2507B53C00CCB3CE /* PBXContainerItemProxy */;
		};
		43D473DA2507B53C00CCB3CE /* PBXTargetDependency */ = {
			isa = PBXTargetDependency;
			target = 43D473B62507B53700CCB3CE /* calculator */;
			targetProxy = 43D473D92507B53C00CCB3CE /* PBXContainerItemProxy */;
		};
/* End PBXTargetDependency section */

/* Begin PBXVariantGroup section */
		43D473C02507B53700CCB3CE /* Main.storyboard */ = {
			isa = PBXVariantGroup;
			children = (
				43D473C12507B53700CCB3CE /* Base */,
			);
			name = Main.storyboard;
			sourceTree = "<group>";
		};
		43D473C52507B53C00CCB3CE /* LaunchScreen.storyboard */ = {
			isa = PBXVariantGroup;
			children = (
				43D473C62507B53C00CCB3CE /* Base */,
			);
			name = LaunchScreen.storyboard;
			sourceTree = "<group>";
		};
/* End PBXVariantGroup section */

/* Begin XCBuildConfiguration section */
		43D473DF2507B53C00CCB3CE /* Debug */ = {
			isa = XCBuildConfiguration;
			buildSettings = {
				ALWAYS_SEARCH_USER_PATHS = NO;
				CLANG_ANALYZER_NONNULL = YES;
				CLANG_ANALYZER_NUMBER_OBJECT_CONVERSION = YES_AGGRESSIVE;
				CLANG_CXX_LANGUAGE_STANDARD = "gnu++14";
				CLANG_CXX_LIBRARY = "libc++";
				CLANG_ENABLE_MODULES = YES;
				CLANG_ENABLE_OBJC_ARC = YES;
				CLANG_ENABLE_OBJC_WEAK = YES;
				CLANG_WARN_BLOCK_CAPTURE_AUTORELEASING = YES;
				CLANG_WARN_BOOL_CONVERSION = YES;
				CLANG_WARN_COMMA = YES;
				CLANG_WARN_CONSTANT_CONVERSION = YES;
				CLANG_WARN_DEPRECATED_OBJC_IMPLEMENTATIONS = YES;
				CLANG_WARN_DIRECT_OBJC_ISA_USAGE = YES_ERROR;
				CLANG_WARN_DOCUMENTATION_COMMENTS = YES;
				CLANG_WARN_EMPTY_BODY = YES;
				CLANG_WARN_ENUM_CONVERSION = YES;
				CLANG_WARN_INFINITE_RECURSION = YES;
				CLANG_WARN_INT_CONVERSION = YES;
				CLANG_WARN_NON_LITERAL_NULL_CONVERSION = YES;
				CLANG_WARN_OBJC_IMPLICIT_RETAIN_SELF = YES;
				CLANG_WARN_OBJC_LITERAL_CONVERSION = YES;
				CLANG_WARN_OBJC_ROOT_CLASS = YES_ERROR;
				CLANG_WARN_RANGE_LOOP_ANALYSIS = YES;
				CLANG_WARN_STRICT_PROTOTYPES = YES;
				CLANG_WARN_SUSPICIOUS_MOVE = YES;
				CLANG_WARN_UNGUARDED_AVAILABILITY = YES_AGGRESSIVE;
				CLANG_WARN_UNREACHABLE_CODE = YES;
				CLANG_WARN__DUPLICATE_METHOD_MATCH = YES;
				COPY_PHASE_STRIP = NO;
				DEBUG_INFORMATION_FORMAT = dwarf;
				ENABLE_STRICT_OBJC_MSGSEND = YES;
				ENABLE_TESTABILITY = YES;
				GCC_C_LANGUAGE_STANDARD = gnu11;
				GCC_DYNAMIC_NO_PIC = NO;
				GCC_NO_COMMON_BLOCKS = YES;
				GCC_OPTIMIZATION_LEVEL = 0;
				GCC_PREPROCESSOR_DEFINITIONS = (
					"DEBUG=1",
					"$(inherited)",
				);
				GCC_WARN_64_TO_32_BIT_CONVERSION = YES;
				GCC_WARN_ABOUT_RETURN_TYPE = YES_ERROR;
				GCC_WARN_UNDECLARED_SELECTOR = YES;
				GCC_WARN_UNINITIALIZED_AUTOS = YES_AGGRESSIVE;
				GCC_WARN_UNUSED_FUNCTION = YES;
				GCC_WARN_UNUSED_VARIABLE = YES;
				IPHONEOS_DEPLOYMENT_TARGET = 13.1;
				MTL_ENABLE_DEBUG_INFO = INCLUDE_SOURCE;
				MTL_FAST_MATH = YES;
				ONLY_ACTIVE_ARCH = YES;
				SDKROOT = iphoneos;
				SWIFT_ACTIVE_COMPILATION_CONDITIONS = DEBUG;
				SWIFT_OPTIMIZATION_LEVEL = "-Onone";
			};
			name = Debug;
		};
		43D473E02507B53C00CCB3CE /* Release */ = {
			isa = XCBuildConfiguration;
			buildSettings = {
				ALWAYS_SEARCH_USER_PATHS = NO;
				CLANG_ANALYZER_NONNULL = YES;
				CLANG_ANALYZER_NUMBER_OBJECT_CONVERSION = YES_AGGRESSIVE;
				CLANG_CXX_LANGUAGE_STANDARD = "gnu++14";
				CLANG_CXX_LIBRARY = "libc++";
				CLANG_ENABLE_MODULES = YES;
				CLANG_ENABLE_OBJC_ARC = YES;
				CLANG_ENABLE_OBJC_WEAK = YES;
				CLANG_WARN_BLOCK_CAPTURE_AUTORELEASING = YES;
				CLANG_WARN_BOOL_CONVERSION = YES;
				CLANG_WARN_COMMA = YES;
				CLANG_WARN_CONSTANT_CONVERSION = YES;
				CLANG_WARN_DEPRECATED_OBJC_IMPLEMENTATIONS = YES;
				CLANG_WARN_DIRECT_OBJC_ISA_USAGE = YES_ERROR;
				CLANG_WARN_DOCUMENTATION_COMMENTS = YES;
				CLANG_WARN_EMPTY_BODY = YES;
				CLANG_WARN_ENUM_CONVERSION = YES;
				CLANG_WARN_INFINITE_RECURSION = YES;
				CLANG_WARN_INT_CONVERSION = YES;
				CLANG_WARN_NON_LITERAL_NULL_CONVERSION = YES;
				CLANG_WARN_OBJC_IMPLICIT_RETAIN_SELF = YES;
				CLANG_WARN_OBJC_LITERAL_CONVERSION = YES;
				CLANG_WARN_OBJC_ROOT_CLASS = YES_ERROR;
				CLANG_WARN_RANGE_LOOP_ANALYSIS = YES;
				CLANG_WARN_STRICT_PROTOTYPES = YES;
				CLANG_WARN_SUSPICIOUS_MOVE = YES;
				CLANG_WARN_UNGUARDED_AVAILABILITY = YES_AGGRESSIVE;
				CLANG_WARN_UNREACHABLE_CODE = YES;
				CLANG_WARN__DUPLICATE_METHOD_MATCH = YES;
				COPY_PHASE_STRIP = NO;
				DEBUG_INFORMATION_FORMAT = "dwarf-with-dsym";
				ENABLE_NS_ASSERTIONS = NO;
				ENABLE_STRICT_OBJC_MSGSEND = YES;
				GCC_C_LANGUAGE_STANDARD = gnu11;
				GCC_NO_COMMON_BLOCKS = YES;
				GCC_WARN_64_TO_32_BIT_CONVERSION = YES;
				GCC_WARN_ABOUT_RETURN_TYPE = YES_ERROR;
				GCC_WARN_UNDECLARED_SELECTOR = YES;
				GCC_WARN_UNINITIALIZED_AUTOS = YES_AGGRESSIVE;
				GCC_WARN_UNUSED_FUNCTION = YES;
				GCC_WARN_UNUSED_VARIABLE = YES;
				IPHONEOS_DEPLOYMENT_TARGET = 13.1;
				MTL_ENABLE_DEBUG_INFO = NO;
				MTL_FAST_MATH = YES;
				SDKROOT = iphoneos;
				SWIFT_COMPILATION_MODE = wholemodule;
				SWIFT_OPTIMIZATION_LEVEL = "-O";
				VALIDATE_PRODUCT = YES;
			};
			name = Release;
		};
		43D473E22507B53C00CCB3CE /* Debug */ = {
			isa = XCBuildConfiguration;
			buildSettings = {
				ASSETCATALOG_COMPILER_APPICON_NAME = AppIcon;
				CODE_SIGN_STYLE = Automatic;
				DEVELOPMENT_TEAM = FSGHL63T2V;
				INFOPLIST_FILE = calculator/Info.plist;
				LD_RUNPATH_SEARCH_PATHS = (
					"$(inherited)",
					"@executable_path/Frameworks",
				);
				PRODUCT_BUNDLE_IDENTIFIER = benjamin.calculator;
				PRODUCT_NAME = "$(TARGET_NAME)";
				SWIFT_VERSION = 5.0;
				TARGETED_DEVICE_FAMILY = "1,2";
			};
			name = Debug;
		};
		43D473E32507B53C00CCB3CE /* Release */ = {
			isa = XCBuildConfiguration;
			buildSettings = {
				ASSETCATALOG_COMPILER_APPICON_NAME = AppIcon;
				CODE_SIGN_STYLE = Automatic;
				DEVELOPMENT_TEAM = FSGHL63T2V;
				INFOPLIST_FILE = calculator/Info.plist;
				LD_RUNPATH_SEARCH_PATHS = (
					"$(inherited)",
					"@executable_path/Frameworks",
				);
				PRODUCT_BUNDLE_IDENTIFIER = benjamin.calculator;
				PRODUCT_NAME = "$(TARGET_NAME)";
				SWIFT_VERSION = 5.0;
				TARGETED_DEVICE_FAMILY = "1,2";
			};
			name = Release;
		};
		43D473E52507B53C00CCB3CE /* Debug */ = {
			isa = XCBuildConfiguration;
			buildSettings = {
				ALWAYS_EMBED_SWIFT_STANDARD_LIBRARIES = YES;
				BUNDLE_LOADER = "$(TEST_HOST)";
				CODE_SIGN_STYLE = Automatic;
				DEVELOPMENT_TEAM = FSGHL63T2V;
				INFOPLIST_FILE = calculatorTests/Info.plist;
				IPHONEOS_DEPLOYMENT_TARGET = 13.1;
				LD_RUNPATH_SEARCH_PATHS = (
					"$(inherited)",
					"@executable_path/Frameworks",
					"@loader_path/Frameworks",
				);
				PRODUCT_BUNDLE_IDENTIFIER = benjamin.calculatorTests;
				PRODUCT_NAME = "$(TARGET_NAME)";
				SWIFT_VERSION = 5.0;
				TARGETED_DEVICE_FAMILY = "1,2";
				TEST_HOST = "$(BUILT_PRODUCTS_DIR)/calculator.app/calculator";
			};
			name = Debug;
		};
		43D473E62507B53C00CCB3CE /* Release */ = {
			isa = XCBuildConfiguration;
			buildSettings = {
				ALWAYS_EMBED_SWIFT_STANDARD_LIBRARIES = YES;
				BUNDLE_LOADER = "$(TEST_HOST)";
				CODE_SIGN_STYLE = Automatic;
				DEVELOPMENT_TEAM = FSGHL63T2V;
				INFOPLIST_FILE = calculatorTests/Info.plist;
				IPHONEOS_DEPLOYMENT_TARGET = 13.1;
				LD_RUNPATH_SEARCH_PATHS = (
					"$(inherited)",
					"@executable_path/Frameworks",
					"@loader_path/Frameworks",
				);
				PRODUCT_BUNDLE_IDENTIFIER = benjamin.calculatorTests;
				PRODUCT_NAME = "$(TARGET_NAME)";
				SWIFT_VERSION = 5.0;
				TARGETED_DEVICE_FAMILY = "1,2";
				TEST_HOST = "$(BUILT_PRODUCTS_DIR)/calculator.app/calculator";
			};
			name = Release;
		};
		43D473E82507B53C00CCB3CE /* Debug */ = {
			isa = XCBuildConfiguration;
			buildSettings = {
				ALWAYS_EMBED_SWIFT_STANDARD_LIBRARIES = YES;
				CODE_SIGN_STYLE = Automatic;
				DEVELOPMENT_TEAM = FSGHL63T2V;
				INFOPLIST_FILE = calculatorUITests/Info.plist;
				LD_RUNPATH_SEARCH_PATHS = (
					"$(inherited)",
					"@executable_path/Frameworks",
					"@loader_path/Frameworks",
				);
				PRODUCT_BUNDLE_IDENTIFIER = benjamin.calculatorUITests;
				PRODUCT_NAME = "$(TARGET_NAME)";
				SWIFT_VERSION = 5.0;
				TARGETED_DEVICE_FAMILY = "1,2";
				TEST_TARGET_NAME = calculator;
			};
			name = Debug;
		};
		43D473E92507B53C00CCB3CE /* Release */ = {
			isa = XCBuildConfiguration;
			buildSettings = {
				ALWAYS_EMBED_SWIFT_STANDARD_LIBRARIES = YES;
				CODE_SIGN_STYLE = Automatic;
				DEVELOPMENT_TEAM = FSGHL63T2V;
				INFOPLIST_FILE = calculatorUITests/Info.plist;
				LD_RUNPATH_SEARCH_PATHS = (
					"$(inherited)",
					"@executable_path/Frameworks",
					"@loader_path/Frameworks",
				);
				PRODUCT_BUNDLE_IDENTIFIER = benjamin.calculatorUITests;
				PRODUCT_NAME = "$(TARGET_NAME)";
				SWIFT_VERSION = 5.0;
				TARGETED_DEVICE_FAMILY = "1,2";
				TEST_TARGET_NAME = calculator;
			};
			name = Release;
		};
/* End XCBuildConfiguration section */

/* Begin XCConfigurationList section */
		43D473B22507B53700CCB3CE /* Build configuration list for PBXProject "calculator" */ = {
			isa = XCConfigurationList;
			buildConfigurations = (
				43D473DF2507B53C00CCB3CE /* Debug */,
				43D473E02507B53C00CCB3CE /* Release */,
			);
			defaultConfigurationIsVisible = 0;
			defaultConfigurationName = Release;
		};
		43D473E12507B53C00CCB3CE /* Build configuration list for PBXNativeTarget "calculator" */ = {
			isa = XCConfigurationList;
			buildConfigurations = (
				43D473E22507B53C00CCB3CE /* Debug */,
				43D473E32507B53C00CCB3CE /* Release */,
			);
			defaultConfigurationIsVisible = 0;
			defaultConfigurationName = Release;
		};
		43D473E42507B53C00CCB3CE /* Build configuration list for PBXNativeTarget "calculatorTests" */ = {
			isa = XCConfigurationList;
			buildConfigurations = (
				43D473E52507B53C00CCB3CE /* Debug */,
				43D473E62507B53C00CCB3CE /* Release */,
			);
			defaultConfigurationIsVisible = 0;
			defaultConfigurationName = Release;
		};
		43D473E72507B53C00CCB3CE /* Build configuration list for PBXNativeTarget "calculatorUITests" */ = {
			isa = XCConfigurationList;
			buildConfigurations = (
				43D473E82507B53C00CCB3CE /* Debug */,
				43D473E92507B53C00CCB3CE /* Release */,
			);
			defaultConfigurationIsVisible = 0;
			defaultConfigurationName = Release;
		};
/* End XCConfigurationList section */
	};
	rootObject = 43D473AF2507B53700CCB3CE /* Project object */;
}
